
Microsoft Visual Studio Solution File, Format Version 12.00
# Visual Studio Version 17
VisualStudioVersion = 17.14.36401.2
MinimumVisualStudioVersion = 10.0.40219.1
Project("{FAE04EC0-301F-11D3-BF4B-00C04F79EFBC}") = "API", "API\API.csproj", "{5AF2FBEC-3CF8-45B9-A4EB-AA8739EE355D}"
EndProject
Global
	GlobalSection(SolutionConfigurationPlatforms) = preSolution
		Debug|Any CPU = Debug|Any CPU
		Release|Any CPU = Release|Any CPU
	EndGlobalSection
	GlobalSection(ProjectConfigurationPlatforms) = postSolution
		{5AF2FBEC-3CF8-45B9-A4EB-AA8739EE355D}.Debug|Any CPU.ActiveCfg = Debug|Any CPU
		{5AF2FBEC-3CF8-45B9-A4EB-AA8739EE355D}.Debug|Any CPU.Build.0 = Debug|Any CPU
		{5AF2FBEC-3CF8-45B9-A4EB-AA8739EE355D}.Release|Any CPU.ActiveCfg = Release|Any CPU
		{5AF2FBEC-3CF8-45B9-A4EB-AA8739EE355D}.Release|Any CPU.Build.0 = Release|Any CPU
	EndGlobalSection
	GlobalSection(SolutionProperties) = preSolution
		HideSolutionNode = FALSE
	EndGlobalSection
	GlobalSection(ExtensibilityGlobals) = postSolution
		SolutionGuid = {1D61253D-139E-43CD-AC69-8F656D85E051}
	EndGlobalSection
EndGlobal
